{
  "name": "soliris",
  "version": "1.0.0",
  "lockfileVersion": 1,
  "requires": true,
  "dependencies": {
    "datatables-bulma": {
      "version": "1.0.1",
      "resolved": "https://registry.npmjs.org/datatables-bulma/-/datatables-bulma-1.0.1.tgz",
      "integrity": "sha1-brB2M3zeA+7hq7LC6yyIUE6tWnE="
    },
    "formvalidation": {
      "version": "0.6.2-dev",
      "resolved": "https://registry.npmjs.org/formvalidation/-/formvalidation-0.6.2-dev.tgz",
      "integrity": "sha1-RUfgL8fjpW8JwExQhTp7HEqJpI4="
    },
    "jquery": {
      "version": "3.4.1",
      "resolved": "https://registry.npmjs.org/jquery/-/jquery-3.4.1.tgz",
      "integrity": "sha512-36+AdBzCL+y6qjw5Tx7HgzeGCzC81MDDgaUP8ld2zhx58HdqXGoBd+tHdrBMiyjGQs0Hxs/MLZTu/eHNJJuWPw=="
    },
    "lodash.debounce": {
      "version": "4.0.8",
      "resolved": "https://registry.npmjs.org/lodash.debounce/-/lodash.debounce-4.0.8.tgz",
      "integrity": "sha1-gteb/zCmfEAF/9XiUVMArZyk168="
    },
    "select2-bootstrap-theme": {
      "version": "0.1.0-beta.10",
      "resolved": "https://registry.npmjs.org/select2-bootstrap-theme/-/select2-bootstrap-theme-0.1.0-beta.10.tgz",
      "integrity": "sha1-uUJuz8A79KI152oTI3dXQxBGmsA="
    },
    "sweetalert2": {
      "version": "9.10.7",
      "resolved": "https://registry.npmjs.org/sweetalert2/-/sweetalert2-9.10.7.tgz",
      "integrity": "sha512-tHgtmu68qkapnKsCfC3097qjXb5MXWavv/aOW0JyTh+/3fe3pnCphmaCgm1hI5FNkG4OoXJ86XK9PCq5Ig2ilA=="
    },
    "typeahead.js": {
      "version": "0.11.1",
      "resolved": "https://registry.npmjs.org/typeahead.js/-/typeahead.js-0.11.1.tgz",
      "integrity": "sha1-TmTmcbIjEKhgb0rsgFkkuoSwFbg=",
      "requires": {
        "jquery": ">=1.7"
      }
    }
  }
}
